
Microsoft Visual Studio Solution File, Format Version 12.00
# Visual Studio Version 17
VisualStudioVersion = 17.7.34302.85
MinimumVisualStudioVersion = 10.0.40219.1
Project("{FAE04EC0-301F-11D3-BF4B-00C04F79EFBC}") = "QuickSortHoarePartition.App", "QuickSortHoarePartition.App.csproj", "{58E1BDD6-C999-44C6-99A4-636D7D9A93AD}"
EndProject
Global
	GlobalSection(SolutionConfigurationPlatforms) = preSolution
		Debug|Any CPU = Debug|Any CPU
		Release|Any CPU = Release|Any CPU
	EndGlobalSection
	GlobalSection(ProjectConfigurationPlatforms) = postSolution
		{58E1BDD6-C999-44C6-99A4-636D7D9A93AD}.Debug|Any CPU.ActiveCfg = Debug|Any CPU
		{58E1BDD6-C999-44C6-99A4-636D7D9A93AD}.Debug|Any CPU.Build.0 = Debug|Any CPU
		{58E1BDD6-C999-44C6-99A4-636D7D9A93AD}.Release|Any CPU.ActiveCfg = Release|Any CPU
		{58E1BDD6-C999-44C6-99A4-636D7D9A93AD}.Release|Any CPU.Build.0 = Release|Any CPU
	EndGlobalSection
	GlobalSection(SolutionProperties) = preSolution
		HideSolutionNode = FALSE
	EndGlobalSection
	GlobalSection(ExtensibilityGlobals) = postSolution
		SolutionGuid = {8AEF6087-C793-43EB-A1FF-99818F973B8E}
	EndGlobalSection
EndGlobal
